github.com/sudo-suhas/moq-test-pkgs v0.0.0-20200816045313-d2f573eea6c7 h1:Nrz0lKzL7rEBWiclll8DLmBAuPZxMdJTe3UHzPOUkgg=
github.com/sudo-suhas/moq-test-pkgs/buildconstraints v0.0.0-20200816045313-d2f573eea6c7 h1:/GmPJhGa5xWMHHdGZ7K5MNM6prYeSnlSUeExdNg62bk=
github.com/sudo-suhas/moq-test-pkgs/buildconstraints v0.0.0-20200816045313-d2f573eea6c7/go.mod h1:3SKj4JbVOiJQrGo/HyVTyp+jKwC8eIIDtOaK4L5RZNE=
